
Microsoft Visual Studio Solution File, Format Version 12.00
# Visual Studio 15
Project("{FAE04EC0-301F-11D3-BF4B-00C04F79EFBC}") = "CustomList", "CustomList\CustomList.csproj", "{43588518-F0D6-4211-84AD-818BF1718CC0}"
EndProject
Project("{FAE04EC0-301F-11D3-BF4B-00C04F79EFBC}") = "CustomListTestDocument", "CustomListTestDocument\CustomListTestDocument.csproj", "{0E75391D-D2D2-4640-98CA-4D8FBEB7F259}"
EndProject
Global
	GlobalSection(SolutionConfigurationPlatforms) = preSolution
		Debug|Any CPU = Debug|Any CPU
		Release|Any CPU = Release|Any CPU
	EndGlobalSection
	GlobalSection(ProjectConfigurationPlatforms) = postSolution
		{43588518-F0D6-4211-84AD-818BF1718CC0}.Debug|Any CPU.ActiveCfg = Debug|Any CPU
		{43588518-F0D6-4211-84AD-818BF1718CC0}.Debug|Any CPU.Build.0 = Debug|Any CPU
		{43588518-F0D6-4211-84AD-818BF1718CC0}.Release|Any CPU.ActiveCfg = Release|Any CPU
		{43588518-F0D6-4211-84AD-818BF1718CC0}.Release|Any CPU.Build.0 = Release|Any CPU
		{0E75391D-D2D2-4640-98CA-4D8FBEB7F259}.Debug|Any CPU.ActiveCfg = Debug|Any CPU
		{0E75391D-D2D2-4640-98CA-4D8FBEB7F259}.Debug|Any CPU.Build.0 = Debug|Any CPU
		{0E75391D-D2D2-4640-98CA-4D8FBEB7F259}.Release|Any CPU.ActiveCfg = Release|Any CPU
		{0E75391D-D2D2-4640-98CA-4D8FBEB7F259}.Release|Any CPU.Build.0 = Release|Any CPU
	EndGlobalSection
EndGlobal
